{
  "name": "webapp-instance",
  "version": "0.0.0",
  "dependencies": {
    "autoprefixer-loader": {
      "version": "3.1.0",
      "from": "autoprefixer-loader@>=3.0.0 <4.0.0",
      "resolved": "https://registry.npmjs.org/autoprefixer-loader/-/autoprefixer-loader-3.1.0.tgz"
    },
    "babel": {
      "version": "5.8.23",
      "from": "babel@>=5.6.6",
      "resolved": "https://registry.npmjs.org/babel/-/babel-5.8.23.tgz"
    },
    "babel-core": {
      "version": "5.8.25",
      "from": "babel-core@>=5.6.6",
      "resolved": "https://registry.npmjs.org/babel-core/-/babel-core-5.8.25.tgz"
    },
    "babel-eslint": {
      "version": "4.1.3",
      "from": "babel-eslint@>=2.0.2",
      "resolved": "https://registry.npmjs.org/babel-eslint/-/babel-eslint-4.1.3.tgz"
    },
    "babel-loader": {
      "version": "5.3.2",
      "from": "babel-loader@>=5.2.0",
      "resolved": "https://registry.npmjs.org/babel-loader/-/babel-loader-5.3.2.tgz"
    },
    "babel-relay-plugin": {
      "version": "0.3.0",
      "from": "babel-relay-plugin@>=0.3.0",
      "resolved": "https://registry.npmjs.org/babel-relay-plugin/-/babel-relay-plugin-0.3.0.tgz"
    },
    "babel-runtime": {
      "version": "5.8.25",
      "from": "babel-runtime@>=5.6.6",
      "resolved": "https://registry.npmjs.org/babel-runtime/-/babel-runtime-5.8.25.tgz"
    },
    "classnames": {
      "version": "2.1.5",
      "from": "classnames@>=2.0.0 <3.0.0",
      "resolved": "https://registry.npmjs.org/classnames/-/classnames-2.1.5.tgz"
    },
    "compressible": {
      "version": "2.0.6",
      "from": "compressible@>=2.0.1 <3.0.0",
      "resolved": "https://registry.npmjs.org/compressible/-/compressible-2.0.6.tgz"
    },
    "compression": {
      "version": "1.6.0",
      "from": "compression@>=1.4.3 <2.0.0",
      "resolved": "https://registry.npmjs.org/compression/-/compression-1.6.0.tgz"
    },
    "compression-webpack-plugin": {
      "version": "0.2.0",
      "from": "compression-webpack-plugin@>=0.2.0 <0.3.0",
      "resolved": "https://registry.npmjs.org/compression-webpack-plugin/-/compression-webpack-plugin-0.2.0.tgz"
    },
    "cookie-parser": {
      "version": "1.4.0",
      "from": "cookie-parser@>=1.3.3 <2.0.0",
      "resolved": "https://registry.npmjs.org/cookie-parser/-/cookie-parser-1.4.0.tgz"
    },
    "counterpart": {
      "version": "0.16.10",
      "from": "counterpart@>=0.16.0 <0.17.0",
      "resolved": "https://registry.npmjs.org/counterpart/-/counterpart-0.16.10.tgz"
    },
    "css-loader": {
      "version": "0.19.0",
      "from": "css-loader@>=0.19.0 <0.20.0",
      "resolved": "https://registry.npmjs.org/css-loader/-/css-loader-0.19.0.tgz"
    },
    "eslint": {
      "version": "1.7.0",
      "from": "eslint@>=0.21.0",
      "resolved": "https://registry.npmjs.org/eslint/-/eslint-1.7.0.tgz"
    },
    "eslint-plugin-react": {
      "version": "3.5.1",
      "from": "eslint-plugin-react@>=2.1.0",
      "resolved": "https://registry.npmjs.org/eslint-plugin-react/-/eslint-plugin-react-3.5.1.tgz"
    },
    "express": {
      "version": "4.13.3",
      "from": "express@>=4.9.5 <5.0.0",
      "resolved": "https://registry.npmjs.org/express/-/express-4.13.3.tgz"
    },
    "express-graphql": {
      "version": "0.4.0",
      "from": "express-graphql@>=0.4.0 <0.5.0",
      "resolved": "https://registry.npmjs.org/express-graphql/-/express-graphql-0.4.0.tgz"
    },
    "extract-text-webpack-plugin": {
      "version": "0.8.2",
      "from": "extract-text-webpack-plugin@>=0.8.2 <0.9.0",
      "resolved": "https://registry.npmjs.org/extract-text-webpack-plugin/-/extract-text-webpack-plugin-0.8.2.tgz"
    },
    "fastclick": {
      "version": "1.0.6",
      "from": "fastclick@>=1.0.3 <2.0.0",
      "resolved": "https://registry.npmjs.org/fastclick/-/fastclick-1.0.6.tgz"
    },
    "fbjs": {
      "version": "0.3.2",
      "from": "fbjs@>=0.3.1 <0.4.0",
      "resolved": "https://registry.npmjs.org/fbjs/-/fbjs-0.3.2.tgz"
    },
    "file-loader": {
      "version": "0.8.4",
      "from": "file-loader@>=0.8.1 <0.9.0",
      "resolved": "https://registry.npmjs.org/file-loader/-/file-loader-0.8.4.tgz"
    },
    "findhit-proxywrap": {
      "version": "0.3.10",
      "from": "findhit-proxywrap@>=0.3.10 <0.4.0",
      "resolved": "https://registry.npmjs.org/findhit-proxywrap/-/findhit-proxywrap-0.3.10.tgz"
    },
    "fixedqueue": {
      "version": "0.0.1",
      "from": "fixedqueue@0.0.1",
      "resolved": "https://registry.npmjs.org/fixedqueue/-/fixedqueue-0.0.1.tgz"
    },
    "flux": {
      "version": "2.1.1",
      "from": "flux@>=2.0.1 <3.0.0",
      "resolved": "https://registry.npmjs.org/flux/-/flux-2.1.1.tgz"
    },
    "format-price": {
      "version": "0.0.2",
      "from": "format-price@0.0.2",
      "resolved": "https://registry.npmjs.org/format-price/-/format-price-0.0.2.tgz"
    },
    "git-rev-sync": {
      "version": "1.4.0",
      "from": "git-rev-sync@>=1.0.0 <2.0.0",
      "resolved": "https://registry.npmjs.org/git-rev-sync/-/git-rev-sync-1.4.0.tgz"
    },
    "graphql": {
      "version": "0.4.7",
      "from": "graphql@>=0.4.2 <0.5.0",
      "resolved": "https://registry.npmjs.org/graphql/-/graphql-0.4.7.tgz"
    },
    "graphql-relay": {
      "version": "0.3.3",
      "from": "graphql-relay@>=0.3.2 <0.4.0",
      "resolved": "https://registry.npmjs.org/graphql-relay/-/graphql-relay-0.3.3.tgz"
    },
    "grunt": {
      "version": "0.4.5",
      "from": "grunt@>=0.4.5 <0.5.0",
      "resolved": "https://registry.npmjs.org/grunt/-/grunt-0.4.5.tgz"
    },
    "grunt-contrib-clean": {
      "version": "0.6.0",
      "from": "grunt-contrib-clean@>=0.6.0 <0.7.0",
      "resolved": "https://registry.npmjs.org/grunt-contrib-clean/-/grunt-contrib-clean-0.6.0.tgz"
    },
    "grunt-contrib-copy": {
      "version": "0.8.1",
      "from": "grunt-contrib-copy@>=0.8.0 <0.9.0",
      "resolved": "https://registry.npmjs.org/grunt-contrib-copy/-/grunt-contrib-copy-0.8.1.tgz"
    },
    "grunt-contrib-symlink": {
      "version": "0.3.0",
      "from": "grunt-contrib-symlink@>=0.3.0 <0.4.0",
      "resolved": "https://registry.npmjs.org/grunt-contrib-symlink/-/grunt-contrib-symlink-0.3.0.tgz"
    },
    "grunt-eslint": {
      "version": "17.3.1",
      "from": "grunt-eslint@>=13.0.0",
      "resolved": "https://registry.npmjs.org/grunt-eslint/-/grunt-eslint-17.3.1.tgz"
    },
    "grunt-execute": {
      "version": "0.2.2",
      "from": "grunt-execute@>=0.2.2 <0.3.0",
      "resolved": "https://registry.npmjs.org/grunt-execute/-/grunt-execute-0.2.2.tgz"
    },
    "grunt-karma": {
      "version": "0.12.1",
      "from": "grunt-karma@>=0.12.0 <0.13.0",
      "resolved": "https://registry.npmjs.org/grunt-karma/-/grunt-karma-0.12.1.tgz"
    },
    "grunt-rename": {
      "version": "0.1.4",
      "from": "grunt-rename@>=0.1.4 <0.2.0",
      "resolved": "https://registry.npmjs.org/grunt-rename/-/grunt-rename-0.1.4.tgz"
    },
    "grunt-run": {
      "version": "0.5.1",
      "from": "grunt-run@>=0.5.1 <0.6.0",
      "resolved": "https://registry.npmjs.org/grunt-run/-/grunt-run-0.5.1.tgz"
    },
    "grunt-sass": {
      "version": "1.0.0",
      "from": "grunt-sass@>=1.0.0 <2.0.0",
      "resolved": "https://registry.npmjs.org/grunt-sass/-/grunt-sass-1.0.0.tgz"
    },
    "grunt-webpack": {
      "version": "1.0.11",
      "from": "grunt-webpack@>=1.0.8 <2.0.0",
      "resolved": "https://registry.npmjs.org/grunt-webpack/-/grunt-webpack-1.0.11.tgz"
    },
    "html-loader": {
      "version": "0.3.0",
      "from": "html-loader@>=0.3.0 <0.4.0",
      "resolved": "https://registry.npmjs.org/html-loader/-/html-loader-0.3.0.tgz"
    },
    "invariant": {
      "version": "2.1.1",
      "from": "invariant@>=2.1.0 <3.0.0",
      "resolved": "https://registry.npmjs.org/invariant/-/invariant-2.1.1.tgz"
    },
    "jasmine-core": {
      "version": "2.3.4",
      "from": "jasmine-core@>=2.2.0 <3.0.0",
      "resolved": "https://registry.npmjs.org/jasmine-core/-/jasmine-core-2.3.4.tgz"
    },
    "json-loader": {
      "version": "0.5.3",
      "from": "json-loader@>=0.5.1 <0.6.0",
      "resolved": "https://registry.npmjs.org/json-loader/-/json-loader-0.5.3.tgz"
    },
    "karma": {
      "version": "0.13.11",
      "from": "karma@>=0.13.0 <0.14.0",
      "resolved": "https://registry.npmjs.org/karma/-/karma-0.13.11.tgz"
    },
    "karma-jasmine": {
      "version": "0.3.6",
      "from": "karma-jasmine@>=0.3.1 <0.4.0",
      "resolved": "https://registry.npmjs.org/karma-jasmine/-/karma-jasmine-0.3.6.tgz"
    },
    "karma-mocha-reporter": {
      "version": "1.1.1",
      "from": "karma-mocha-reporter@>=1.0.2 <2.0.0",
      "resolved": "https://registry.npmjs.org/karma-mocha-reporter/-/karma-mocha-reporter-1.1.1.tgz"
    },
    "karma-phantomjs-launcher": {
      "version": "0.2.1",
      "from": "karma-phantomjs-launcher@>=0.2.0 <0.3.0",
      "resolved": "https://registry.npmjs.org/karma-phantomjs-launcher/-/karma-phantomjs-launcher-0.2.1.tgz"
    },
    "karma-script-launcher": {
      "version": "0.1.0",
      "from": "karma-script-launcher@>=0.1.0 <0.2.0",
      "resolved": "https://registry.npmjs.org/karma-script-launcher/-/karma-script-launcher-0.1.0.tgz"
    },
    "karma-sourcemap-loader": {
      "version": "0.3.6",
      "from": "karma-sourcemap-loader@>=0.3.0 <0.4.0",
      "resolved": "https://registry.npmjs.org/karma-sourcemap-loader/-/karma-sourcemap-loader-0.3.6.tgz"
    },
    "karma-webpack": {
      "version": "1.7.0",
      "from": "karma-webpack@>=1.3.1 <2.0.0",
      "resolved": "https://registry.npmjs.org/karma-webpack/-/karma-webpack-1.7.0.tgz"
    },
    "load-grunt-tasks": {
      "version": "3.3.0",
      "from": "load-grunt-tasks@>=3.1.0 <4.0.0",
      "resolved": "https://registry.npmjs.org/load-grunt-tasks/-/load-grunt-tasks-3.3.0.tgz"
    },
    "mime-db": {
      "version": "1.19.0",
      "from": "mime-db@>=1.8.0 <2.0.0",
      "resolved": "https://registry.npmjs.org/mime-db/-/mime-db-1.19.0.tgz"
    },
    "mime-types": {
      "version": "2.1.7",
      "from": "mime-types@>=2.0.10 <3.0.0",
      "resolved": "https://registry.npmjs.org/mime-types/-/mime-types-2.1.7.tgz"
    },
    "moment": {
      "version": "2.10.6",
      "from": "moment@>=2.8.3 <3.0.0",
      "resolved": "https://registry.npmjs.org/moment/-/moment-2.10.6.tgz"
    },
    "morgan": {
      "version": "1.6.1",
      "from": "morgan@>=1.5.2 <2.0.0",
      "resolved": "https://registry.npmjs.org/morgan/-/morgan-1.6.1.tgz"
    },
    "node-sass": {
      "version": "3.3.3",
      "from": "node-sass@>=3.2.0 <4.0.0",
      "resolved": "https://registry.npmjs.org/node-sass/-/node-sass-3.3.3.tgz"
    },
    "node-uuid": {
      "version": "1.4.3",
      "from": "node-uuid@>=1.4.3 <2.0.0",
      "resolved": "https://registry.npmjs.org/node-uuid/-/node-uuid-1.4.3.tgz"
    },
    "nti.lib.anchorjs": {
      "version": "1.0.9",
      "from": "git+https://repos.nextthought.com/git/nti.lib.anchorjs",
      "resolved": "git+https://repos.nextthought.com/git/nti.lib.anchorjs#bda20f63a61beae70f51fc976125b81531a7e664"
    },
    "nti.lib.dom": {
      "version": "1.0.3",
      "from": "git+https://repos.nextthought.com/git/nti.lib.domjs",
      "resolved": "git+https://repos.nextthought.com/git/nti.lib.domjs#6df34da0117b490460999e68084b07a7fee41f30"
    },
    "nti.lib.interfaces": {
      "version": "0.0.0",
      "from": "git+https://repos.nextthought.com/git/nti.lib.interfaces",
      "resolved": "git+https://repos.nextthought.com/git/nti.lib.interfaces#1e200addf825720744f86035c79b0c1b98e0f7e4"
    },
    "nti.lib.ranges": {
      "version": "1.0.5",
      "from": "git+https://repos.nextthought.com/git/nti.lib.ranges",
      "resolved": "git+https://repos.nextthought.com/git/nti.lib.ranges#0652f758206941db81ab96f964d4d05b4d08cde3"
    },
    "nti.lib.whiteboardjs": {
      "version": "1.0.5",
      "from": "git+https://repos.nextthought.com/git/nti.lib.whiteboardjs",
      "resolved": "git+https://repos.nextthought.com/git/nti.lib.whiteboardjs#3d00d9176465c885508afa89a8edc40cd6c43119"
    },
    "null-loader": {
      "version": "0.1.1",
      "from": "null-loader@>=0.1.0 <0.2.0",
      "resolved": "https://registry.npmjs.org/null-loader/-/null-loader-0.1.1.tgz"
    },
    "numeral": {
      "version": "1.5.3",
      "from": "numeral@>=1.5.3 <2.0.0",
      "resolved": "https://registry.npmjs.org/numeral/-/numeral-1.5.3.tgz"
    },
    "object-hash": {
      "version": "0.9.1",
      "from": "object-hash@>=0.9.0",
      "resolved": "https://registry.npmjs.org/object-hash/-/object-hash-0.9.1.tgz"
    },
    "phantomjs": {
      "version": "1.9.18",
      "from": "phantomjs@>=1.9.0",
      "resolved": "https://registry.npmjs.org/phantomjs/-/phantomjs-1.9.18.tgz"
    },
    "query-string": {
      "version": "3.0.0",
      "from": "query-string@>=3.0.0 <4.0.0",
      "resolved": "https://registry.npmjs.org/query-string/-/query-string-3.0.0.tgz"
    },
    "react": {
      "version": "0.14.0",
      "from": "react@>=0.14.0 <0.15.0",
      "resolved": "https://registry.npmjs.org/react/-/react-0.14.0.tgz"
    },
    "react-addons-css-transition-group": {
      "version": "0.14.0",
      "from": "react-addons-css-transition-group@>=0.14.0 <0.15.0",
      "resolved": "https://registry.npmjs.org/react-addons-css-transition-group/-/react-addons-css-transition-group-0.14.0.tgz"
    },
    "react-dom": {
      "version": "0.14.0",
      "from": "react-dom@>=0.14.0 <0.15.0",
      "resolved": "https://registry.npmjs.org/react-dom/-/react-dom-0.14.0.tgz"
    },
    "react-editor-component": {
      "version": "0.2.2",
      "from": "nextthought/react-editor-component",
      "resolved": "git://github.com/nextthought/react-editor-component.git#8e75685e8799a38a8d2d9fb072ee4f2755749d90"
    },
    "react-proxy-loader": {
      "version": "0.3.4",
      "from": "react-proxy-loader@>=0.3.4 <0.4.0",
      "resolved": "https://registry.npmjs.org/react-proxy-loader/-/react-proxy-loader-0.3.4.tgz"
    },
    "react-router-component": {
      "version": "0.27.2",
      "from": "react-router-component@>=0.27.1 <0.28.0",
      "resolved": "https://registry.npmjs.org/react-router-component/-/react-router-component-0.27.2.tgz"
    },
    "react-swipe-to-reveal-options": {
      "version": "0.1.6",
      "from": "react-swipe-to-reveal-options@>=0.1.6 <0.2.0",
      "resolved": "https://registry.npmjs.org/react-swipe-to-reveal-options/-/react-swipe-to-reveal-options-0.1.6.tgz"
    },
    "request": {
      "version": "2.65.0",
      "from": "request@>=2.53.0 <3.0.0",
      "resolved": "https://registry.npmjs.org/request/-/request-2.65.0.tgz"
    },
    "response-time": {
      "version": "2.3.1",
      "from": "response-time@>=2.2.0 <3.0.0",
      "resolved": "https://registry.npmjs.org/response-time/-/response-time-2.3.1.tgz"
    },
    "sass-loader": {
      "version": "3.0.0",
      "from": "sass-loader@>=3.0.0 <4.0.0",
      "resolved": "https://registry.npmjs.org/sass-loader/-/sass-loader-3.0.0.tgz"
    },
    "script-loader": {
      "version": "0.6.1",
      "from": "script-loader@>=0.6.0 <0.7.0",
      "resolved": "https://registry.npmjs.org/script-loader/-/script-loader-0.6.1.tgz"
    },
    "style-loader": {
      "version": "0.12.4",
      "from": "style-loader@>=0.12.0 <0.13.0",
      "resolved": "https://registry.npmjs.org/style-loader/-/style-loader-0.12.4.tgz"
    },
    "url": {
      "version": "0.11.0",
      "from": "url@>=0.11.0 <0.12.0",
      "resolved": "https://registry.npmjs.org/url/-/url-0.11.0.tgz"
    },
    "url-loader": {
      "version": "0.5.6",
      "from": "url-loader@>=0.5.5 <0.6.0",
      "resolved": "https://registry.npmjs.org/url-loader/-/url-loader-0.5.6.tgz"
    },
    "vtt.js": {
      "version": "0.12.1",
      "from": "vtt.js@>=0.12.0 <0.13.0",
      "resolved": "https://registry.npmjs.org/vtt.js/-/vtt.js-0.12.1.tgz"
    },
    "webpack": {
      "version": "1.12.2",
      "from": "webpack@>=1.8.9 <2.0.0",
      "resolved": "https://registry.npmjs.org/webpack/-/webpack-1.12.2.tgz"
    },
    "webpack-dev-server": {
      "version": "1.12.0",
      "from": "webpack-dev-server@>=1.8.2 <2.0.0",
      "resolved": "https://registry.npmjs.org/webpack-dev-server/-/webpack-dev-server-1.12.0.tgz"
    },
    "yargs": {
      "version": "3.27.0",
      "from": "yargs@>=3.11.0 <4.0.0",
      "resolved": "https://registry.npmjs.org/yargs/-/yargs-3.27.0.tgz"
    },
    "zpad": {
      "version": "0.5.0",
      "from": "zpad@>=0.5.0 <0.6.0",
      "resolved": "https://registry.npmjs.org/zpad/-/zpad-0.5.0.tgz"
    }
  }
}
